schema: '2.0'
stages:
  data_ingestion:
    cmd: python src/data/data_ingestion.py
    deps:
    - path: src/data/data_ingestion.py
      hash: md5
      md5: ee08a4c31ae467cebbcce70b5cc5491a
      size: 3545
    params:
      params.yaml:
        data_ingestion.test_size: 0.35
    outs:
    - path: data/raw
      hash: md5
      md5: 3f4c8f93e174112c9b77e2a3a7f39816.dir
      size: 827973
      nfiles: 2
  data_preprocessing:
    cmd: python src/data/data_preprocessing.py
    deps:
    - path: data/raw
      hash: md5
      md5: 3f4c8f93e174112c9b77e2a3a7f39816.dir
      size: 827973
      nfiles: 2
    - path: src/data/data_preprocessing.py
      hash: md5
      md5: 69c1e925599fe9c337f9de05b76b0176
      size: 3990
    outs:
    - path: data/interim
      hash: md5
      md5: 40bf81ea2f527082eeac7b853cf581f3.dir
      size: 566210
      nfiles: 2
  feature_engineering:
    cmd: python src/features/feature_engineering.py
    deps:
    - path: data/interim
      hash: md5
      md5: 40bf81ea2f527082eeac7b853cf581f3.dir
      size: 566210
      nfiles: 2
    - path: src/features/feature_engineering.py
      hash: md5
      md5: c1888aef256c204017522c2ce5fd36a0
      size: 3883
    params:
      params.yaml:
        feature_engineering.max_features: 750
    outs:
    - path: data/processed
      hash: md5
      md5: a49d9b4fef5dc81ff0cd98ebe777db4c.dir
      size: 15597916
      nfiles: 2
    - path: models/vectorizer.pkl
      hash: md5
      md5: d7e93f4684d915450eb9df9ff9033b93
      size: 17611
  model_building:
    cmd: python src/model/model_building.py
    deps:
    - path: data/processed
      hash: md5
      md5: a49d9b4fef5dc81ff0cd98ebe777db4c.dir
      size: 15597916
      nfiles: 2
    - path: src/model/model_building.py
      hash: md5
      md5: 809681a98d52938b43c9befd0b00a422
      size: 2373
    outs:
    - path: models/model.pkl
      hash: md5
      md5: 7273725d3405f4000cac50cac11631d5
      size: 6697
  model_evaluation:
    cmd: python src/model/model_evaluation.py
    deps:
    - path: models/model.pkl
      hash: md5
      md5: 7273725d3405f4000cac50cac11631d5
      size: 6697
    - path: src/model/model_evaluation.py
      hash: md5
      md5: 1fb493f63eb4399393e811dfc4fd8fba
      size: 5328
    outs:
    - path: reports/metrics.json
      hash: md5
      md5: 5578b7fbfb600d357bc1208502695437
      size: 144
  model_registration:
    cmd: python src/model/register_model.py
    deps:
    - path: reports/experiment_info.json
      hash: md5
      md5: 666d4a5285cff2bdf0966063ad085637
      size: 118
    - path: src/model/register_model.py
      hash: md5
      md5: 7ed4b510ef303845a754e1dfc1d6cedd
      size: 1629
